
Microsoft Visual Studio Solution File, Format Version 12.00
# Visual Studio Version 16
VisualStudioVersion = 16.0.31911.196
MinimumVisualStudioVersion = 10.0.40219.1
Project("{FAE04EC0-301F-11D3-BF4B-00C04F79EFBC}") = "ClientChatApp_048_TaufiqFathoni", "ClientChatApp_048_TaufiqFathoni\ClientChatApp_048_TaufiqFathoni.csproj", "{9F570135-B856-4856-8445-2FBAA250838B}"
EndProject
Global
	GlobalSection(SolutionConfigurationPlatforms) = preSolution
		Debug|Any CPU = Debug|Any CPU
		Release|Any CPU = Release|Any CPU
	EndGlobalSection
	GlobalSection(ProjectConfigurationPlatforms) = postSolution
		{9F570135-B856-4856-8445-2FBAA250838B}.Debug|Any CPU.ActiveCfg = Debug|Any CPU
		{9F570135-B856-4856-8445-2FBAA250838B}.Debug|Any CPU.Build.0 = Debug|Any CPU
		{9F570135-B856-4856-8445-2FBAA250838B}.Release|Any CPU.ActiveCfg = Release|Any CPU
		{9F570135-B856-4856-8445-2FBAA250838B}.Release|Any CPU.Build.0 = Release|Any CPU
	EndGlobalSection
	GlobalSection(SolutionProperties) = preSolution
		HideSolutionNode = FALSE
	EndGlobalSection
	GlobalSection(ExtensibilityGlobals) = postSolution
		SolutionGuid = {324A0794-DCE9-4FF8-A2B0-61D7D8A7C23A}
	EndGlobalSection
EndGlobal
